
Microsoft Visual Studio Solution File, Format Version 12.00
# Visual Studio Version 17
VisualStudioVersion = 17.6.33815.320
MinimumVisualStudioVersion = 10.0.40219.1
Project("{FAE04EC0-301F-11D3-BF4B-00C04F79EFBC}") = "APIDaltonismoDB", "APIDaltonismoDB.csproj", "{153CF07C-CD2E-4A68-A8F9-8D9844B95367}"
EndProject
Global
	GlobalSection(SolutionConfigurationPlatforms) = preSolution
		Debug|Any CPU = Debug|Any CPU
		Release|Any CPU = Release|Any CPU
	EndGlobalSection
	GlobalSection(ProjectConfigurationPlatforms) = postSolution
		{153CF07C-CD2E-4A68-A8F9-8D9844B95367}.Debug|Any CPU.ActiveCfg = Debug|Any CPU
		{153CF07C-CD2E-4A68-A8F9-8D9844B95367}.Debug|Any CPU.Build.0 = Debug|Any CPU
		{153CF07C-CD2E-4A68-A8F9-8D9844B95367}.Release|Any CPU.ActiveCfg = Release|Any CPU
		{153CF07C-CD2E-4A68-A8F9-8D9844B95367}.Release|Any CPU.Build.0 = Release|Any CPU
	EndGlobalSection
	GlobalSection(SolutionProperties) = preSolution
		HideSolutionNode = FALSE
	EndGlobalSection
	GlobalSection(ExtensibilityGlobals) = postSolution
		SolutionGuid = {B6712995-E08E-406A-B963-6ED0685C3130}
	EndGlobalSection
EndGlobal
